// !$*UTF8*$!
{
	archiveVersion = 1;
	classes = {
	};
	objectVersion = 50;
	objects = {

/* Begin PBXBuildFile section */
		0844A54824E2152C00A5C949 /* AppDelegate.swift in Sources */ = {isa = PBXBuildFile; fileRef = 0844A54724E2152C00A5C949 /* AppDelegate.swift */; };
		0844A54A24E2152C00A5C949 /* SceneDelegate.swift in Sources */ = {isa = PBXBuildFile; fileRef = 0844A54924E2152C00A5C949 /* SceneDelegate.swift */; };
		0844A54F24E2152C00A5C949 /* Main.storyboard in Resources */ = {isa = PBXBuildFile; fileRef = 0844A54D24E2152C00A5C949 /* Main.storyboard */; };
		0844A55124E2152D00A5C949 /* Assets.xcassets in Resources */ = {isa = PBXBuildFile; fileRef = 0844A55024E2152D00A5C949 /* Assets.xcassets */; };
		0844A55424E2152E00A5C949 /* LaunchScreen.storyboard in Resources */ = {isa = PBXBuildFile; fileRef = 0844A55224E2152E00A5C949 /* LaunchScreen.storyboard */; };
		0844A55F24E2152E00A5C949 /* SnapshotSampleTests.swift in Sources */ = {isa = PBXBuildFile; fileRef = 0844A55E24E2152E00A5C949 /* SnapshotSampleTests.swift */; };
		0844A56A24E2175400A5C949 /* TextViewController.swift in Sources */ = {isa = PBXBuildFile; fileRef = 0844A56924E2175400A5C949 /* TextViewController.swift */; };
		0844A56C24E2175D00A5C949 /* PictureViewController.swift in Sources */ = {isa = PBXBuildFile; fileRef = 0844A56B24E2175D00A5C949 /* PictureViewController.swift */; };
/* End PBXBuildFile section */

/* Begin PBXContainerItemProxy section */
		0844A55B24E2152E00A5C949 /* PBXContainerItemProxy */ = {
			isa = PBXContainerItemProxy;
			containerPortal = 0844A53C24E2152C00A5C949 /* Project object */;
			proxyType = 1;
			remoteGlobalIDString = 0844A54324E2152C00A5C949;
			remoteInfo = SnapshotSample;
		};
/* End PBXContainerItemProxy section */

/* Begin PBXFileReference section */
		0844A54424E2152C00A5C949 /* SnapshotSample.app */ = {isa = PBXFileReference; explicitFileType = wrapper.application; includeInIndex = 0; path = SnapshotSample.app; sourceTree = BUILT_PRODUCTS_DIR; };
		0844A54724E2152C00A5C949 /* AppDelegate.swift */ = {isa = PBXFileReference; lastKnownFileType = sourcecode.swift; path = AppDelegate.swift; sourceTree = "<group>"; };
		0844A54924E2152C00A5C949 /* SceneDelegate.swift */ = {isa = PBXFileReference; lastKnownFileType = sourcecode.swift; path = SceneDelegate.swift; sourceTree = "<group>"; };
		0844A54E24E2152C00A5C949 /* Base */ = {isa = PBXFileReference; lastKnownFileType = file.storyboard; name = Base; path = Base.lproj/Main.storyboard; sourceTree = "<group>"; };
		0844A55024E2152D00A5C949 /* Assets.xcassets */ = {isa = PBXFileReference; lastKnownFileType = folder.assetcatalog; path = Assets.xcassets; sourceTree = "<group>"; };
		0844A55324E2152E00A5C949 /* Base */ = {isa = PBXFileReference; lastKnownFileType = file.storyboard; name = Base; path = Base.lproj/LaunchScreen.storyboard; sourceTree = "<group>"; };
		0844A55524E2152E00A5C949 /* Info.plist */ = {isa = PBXFileReference; lastKnownFileType = text.plist.xml; path = Info.plist; sourceTree = "<group>"; };
		0844A55A24E2152E00A5C949 /* SnapshotSampleTests.xctest */ = {isa = PBXFileReference; explicitFileType = wrapper.cfbundle; includeInIndex = 0; path = SnapshotSampleTests.xctest; sourceTree = BUILT_PRODUCTS_DIR; };
		0844A55E24E2152E00A5C949 /* SnapshotSampleTests.swift */ = {isa = PBXFileReference; lastKnownFileType = sourcecode.swift; path = SnapshotSampleTests.swift; sourceTree = "<group>"; };
		0844A56024E2152E00A5C949 /* Info.plist */ = {isa = PBXFileReference; lastKnownFileType = text.plist.xml; path = Info.plist; sourceTree = "<group>"; };
		0844A56924E2175400A5C949 /* TextViewController.swift */ = {isa = PBXFileReference; lastKnownFileType = sourcecode.swift; path = TextViewController.swift; sourceTree = "<group>"; };
		0844A56B24E2175D00A5C949 /* PictureViewController.swift */ = {isa = PBXFileReference; lastKnownFileType = sourcecode.swift; path = PictureViewController.swift; sourceTree = "<group>"; };
/* End PBXFileReference section */

/* Begin PBXFrameworksBuildPhase section */
		0844A54124E2152C00A5C949 /* Frameworks */ = {
			isa = PBXFrameworksBuildPhase;
			buildActionMask = 2147483647;
			files = (
			);
			runOnlyForDeploymentPostprocessing = 0;
		};
		0844A55724E2152E00A5C949 /* Frameworks */ = {
			isa = PBXFrameworksBuildPhase;
			buildActionMask = 2147483647;
			files = (
			);
			runOnlyForDeploymentPostprocessing = 0;
		};
/* End PBXFrameworksBuildPhase section */

/* Begin PBXGroup section */
		0844A53B24E2152C00A5C949 = {
			isa = PBXGroup;
			children = (
				0844A54624E2152C00A5C949 /* SnapshotSample */,
				0844A55D24E2152E00A5C949 /* SnapshotSampleTests */,
				0844A54524E2152C00A5C949 /* Products */,
			);
			sourceTree = "<group>";
		};
		0844A54524E2152C00A5C949 /* Products */ = {
			isa = PBXGroup;
			children = (
				0844A54424E2152C00A5C949 /* SnapshotSample.app */,
				0844A55A24E2152E00A5C949 /* SnapshotSampleTests.xctest */,
			);
			name = Products;
			sourceTree = "<group>";
		};
		0844A54624E2152C00A5C949 /* SnapshotSample */ = {
			isa = PBXGroup;
			children = (
				0844A54724E2152C00A5C949 /* AppDelegate.swift */,
				0844A54924E2152C00A5C949 /* SceneDelegate.swift */,
				0844A56924E2175400A5C949 /* TextViewController.swift */,
				0844A56B24E2175D00A5C949 /* PictureViewController.swift */,
				0844A54D24E2152C00A5C949 /* Main.storyboard */,
				0844A55024E2152D00A5C949 /* Assets.xcassets */,
				0844A55224E2152E00A5C949 /* LaunchScreen.storyboard */,
				0844A55524E2152E00A5C949 /* Info.plist */,
			);
			path = SnapshotSample;
			sourceTree = "<group>";
		};
		0844A55D24E2152E00A5C949 /* SnapshotSampleTests */ = {
			isa = PBXGroup;
			children = (
				0844A55E24E2152E00A5C949 /* SnapshotSampleTests.swift */,
				0844A56024E2152E00A5C949 /* Info.plist */,
			);
			path = SnapshotSampleTests;
			sourceTree = "<group>";
		};
/* End PBXGroup section */

/* Begin PBXNativeTarget section */
		0844A54324E2152C00A5C949 /* SnapshotSample */ = {
			isa = PBXNativeTarget;
			buildConfigurationList = 0844A56324E2152E00A5C949 /* Build configuration list for PBXNativeTarget "SnapshotSample" */;
			buildPhases = (
				0844A54024E2152C00A5C949 /* Sources */,
				0844A54124E2152C00A5C949 /* Frameworks */,
				0844A54224E2152C00A5C949 /* Resources */,
			);
			buildRules = (
			);
			dependencies = (
			);
			name = SnapshotSample;
			productName = SnapshotSample;
			productReference = 0844A54424E2152C00A5C949 /* SnapshotSample.app */;
			productType = "com.apple.product-type.application";
		};
		0844A55924E2152E00A5C949 /* SnapshotSampleTests */ = {
			isa = PBXNativeTarget;
			buildConfigurationList = 0844A56624E2152E00A5C949 /* Build configuration list for PBXNativeTarget "SnapshotSampleTests" */;
			buildPhases = (
				0844A55624E2152E00A5C949 /* Sources */,
				0844A55724E2152E00A5C949 /* Frameworks */,
				0844A55824E2152E00A5C949 /* Resources */,
			);
			buildRules = (
			);
			dependencies = (
				0844A55C24E2152E00A5C949 /* PBXTargetDependency */,
			);
			name = SnapshotSampleTests;
			productName = SnapshotSampleTests;
			productReference = 0844A55A24E2152E00A5C949 /* SnapshotSampleTests.xctest */;
			productType = "com.apple.product-type.bundle.unit-test";
		};
/* End PBXNativeTarget section */

/* Begin PBXProject section */
		0844A53C24E2152C00A5C949 /* Project object */ = {
			isa = PBXProject;
			attributes = {
				LastSwiftUpdateCheck = 1160;
				LastUpgradeCheck = 1160;
				ORGANIZATIONNAME = "Yohta Watanave";
				TargetAttributes = {
					0844A54324E2152C00A5C949 = {
						CreatedOnToolsVersion = 11.6;
					};
					0844A55924E2152E00A5C949 = {
						CreatedOnToolsVersion = 11.6;
						TestTargetID = 0844A54324E2152C00A5C949;
					};
				};
			};
			buildConfigurationList = 0844A53F24E2152C00A5C949 /* Build configuration list for PBXProject "SnapshotSample" */;
			compatibilityVersion = "Xcode 9.3";
			developmentRegion = en;
			hasScannedForEncodings = 0;
			knownRegions = (
				en,
				Base,
			);
			mainGroup = 0844A53B24E2152C00A5C949;
			productRefGroup = 0844A54524E2152C00A5C949 /* Products */;
			projectDirPath = "";
			projectRoot = "";
			targets = (
				0844A54324E2152C00A5C949 /* SnapshotSample */,
				0844A55924E2152E00A5C949 /* SnapshotSampleTests */,
			);
		};
/* End PBXProject section */

/* Begin PBXResourcesBuildPhase section */
		0844A54224E2152C00A5C949 /* Resources */ = {
			isa = PBXResourcesBuildPhase;
			buildActionMask = 2147483647;
			files = (
				0844A55424E2152E00A5C949 /* LaunchScreen.storyboard in Resources */,
				0844A55124E2152D00A5C949 /* Assets.xcassets in Resources */,
				0844A54F24E2152C00A5C949 /* Main.storyboard in Resources */,
			);
			runOnlyForDeploymentPostprocessing = 0;
		};
		0844A55824E2152E00A5C949 /* Resources */ = {
			isa = PBXResourcesBuildPhase;
			buildActionMask = 2147483647;
			files = (
			);
			runOnlyForDeploymentPostprocessing = 0;
		};
/* End PBXResourcesBuildPhase section */

/* Begin PBXSourcesBuildPhase section */
		0844A54024E2152C00A5C949 /* Sources */ = {
			isa = PBXSourcesBuildPhase;
			buildActionMask = 2147483647;
			files = (
				0844A54824E2152C00A5C949 /* AppDelegate.swift in Sources */,
				0844A54A24E2152C00A5C949 /* SceneDelegate.swift in Sources */,
				0844A56A24E2175400A5C949 /* TextViewController.swift in Sources */,
				0844A56C24E2175D00A5C949 /* PictureViewController.swift in Sources */,
			);
			runOnlyForDeploymentPostprocessing = 0;
		};
		0844A55624E2152E00A5C949 /* Sources */ = {
			isa = PBXSourcesBuildPhase;
			buildActionMask = 2147483647;
			files = (
				0844A55F24E2152E00A5C949 /* SnapshotSampleTests.swift in Sources */,
			);
			runOnlyForDeploymentPostprocessing = 0;
		};
/* End PBXSourcesBuildPhase section */

/* Begin PBXTargetDependency section */
		0844A55C24E2152E00A5C949 /* PBXTargetDependency */ = {
			isa = PBXTargetDependency;
			target = 0844A54324E2152C00A5C949 /* SnapshotSample */;
			targetProxy = 0844A55B24E2152E00A5C949 /* PBXContainerItemProxy */;
		};
/* End PBXTargetDependency section */

/* Begin PBXVariantGroup section */
		0844A54D24E2152C00A5C949 /* Main.storyboard */ = {
			isa = PBXVariantGroup;
			children = (
				0844A54E24E2152C00A5C949 /* Base */,
			);
			name = Main.storyboard;
			sourceTree = "<group>";
		};
		0844A55224E2152E00A5C949 /* LaunchScreen.storyboard */ = {
			isa = PBXVariantGroup;
			children = (
				0844A55324E2152E00A5C949 /* Base */,
			);
			name = LaunchScreen.storyboard;
			sourceTree = "<group>";
		};
/* End PBXVariantGroup section */

/* Begin XCBuildConfiguration section */
		0844A56124E2152E00A5C949 /* Debug */ = {
			isa = XCBuildConfiguration;
			buildSettings = {
				ALWAYS_SEARCH_USER_PATHS = NO;
				CLANG_ANALYZER_NONNULL = YES;
				CLANG_ANALYZER_NUMBER_OBJECT_CONVERSION = YES_AGGRESSIVE;
				CLANG_CXX_LANGUAGE_STANDARD = "gnu++14";
				CLANG_CXX_LIBRARY = "libc++";
				CLANG_ENABLE_MODULES = YES;
				CLANG_ENABLE_OBJC_ARC = YES;
				CLANG_ENABLE_OBJC_WEAK = YES;
				CLANG_WARN_BLOCK_CAPTURE_AUTORELEASING = YES;
				CLANG_WARN_BOOL_CONVERSION = YES;
				CLANG_WARN_COMMA = YES;
				CLANG_WARN_CONSTANT_CONVERSION = YES;
				CLANG_WARN_DEPRECATED_OBJC_IMPLEMENTATIONS = YES;
				CLANG_WARN_DIRECT_OBJC_ISA_USAGE = YES_ERROR;
				CLANG_WARN_DOCUMENTATION_COMMENTS = YES;
				CLANG_WARN_EMPTY_BODY = YES;
				CLANG_WARN_ENUM_CONVERSION = YES;
				CLANG_WARN_INFINITE_RECURSION = YES;
				CLANG_WARN_INT_CONVERSION = YES;
				CLANG_WARN_NON_LITERAL_NULL_CONVERSION = YES;
				CLANG_WARN_OBJC_IMPLICIT_RETAIN_SELF = YES;
				CLANG_WARN_OBJC_LITERAL_CONVERSION = YES;
				CLANG_WARN_OBJC_ROOT_CLASS = YES_ERROR;
				CLANG_WARN_RANGE_LOOP_ANALYSIS = YES;
				CLANG_WARN_STRICT_PROTOTYPES = YES;
				CLANG_WARN_SUSPICIOUS_MOVE = YES;
				CLANG_WARN_UNGUARDED_AVAILABILITY = YES_AGGRESSIVE;
				CLANG_WARN_UNREACHABLE_CODE = YES;
				CLANG_WARN__DUPLICATE_METHOD_MATCH = YES;
				COPY_PHASE_STRIP = NO;
				DEBUG_INFORMATION_FORMAT = dwarf;
				ENABLE_STRICT_OBJC_MSGSEND = YES;
				ENABLE_TESTABILITY = YES;
				GCC_C_LANGUAGE_STANDARD = gnu11;
				GCC_DYNAMIC_NO_PIC = NO;
				GCC_NO_COMMON_BLOCKS = YES;
				GCC_OPTIMIZATION_LEVEL = 0;
				GCC_PREPROCESSOR_DEFINITIONS = (
					"DEBUG=1",
					"$(inherited)",
				);
				GCC_WARN_64_TO_32_BIT_CONVERSION = YES;
				GCC_WARN_ABOUT_RETURN_TYPE = YES_ERROR;
				GCC_WARN_UNDECLARED_SELECTOR = YES;
				GCC_WARN_UNINITIALIZED_AUTOS = YES_AGGRESSIVE;
				GCC_WARN_UNUSED_FUNCTION = YES;
				GCC_WARN_UNUSED_VARIABLE = YES;
				IPHONEOS_DEPLOYMENT_TARGET = 13.6;
				MTL_ENABLE_DEBUG_INFO = INCLUDE_SOURCE;
				MTL_FAST_MATH = YES;
				ONLY_ACTIVE_ARCH = YES;
				SDKROOT = iphoneos;
				SWIFT_ACTIVE_COMPILATION_CONDITIONS = DEBUG;
				SWIFT_OPTIMIZATION_LEVEL = "-Onone";
			};
			name = Debug;
		};
		0844A56224E2152E00A5C949 /* Release */ = {
			isa = XCBuildConfiguration;
			buildSettings = {
				ALWAYS_SEARCH_USER_PATHS = NO;
				CLANG_ANALYZER_NONNULL = YES;
				CLANG_ANALYZER_NUMBER_OBJECT_CONVERSION = YES_AGGRESSIVE;
				CLANG_CXX_LANGUAGE_STANDARD = "gnu++14";
				CLANG_CXX_LIBRARY = "libc++";
				CLANG_ENABLE_MODULES = YES;
				CLANG_ENABLE_OBJC_ARC = YES;
				CLANG_ENABLE_OBJC_WEAK = YES;
				CLANG_WARN_BLOCK_CAPTURE_AUTORELEASING = YES;
				CLANG_WARN_BOOL_CONVERSION = YES;
				CLANG_WARN_COMMA = YES;
				CLANG_WARN_CONSTANT_CONVERSION = YES;
				CLANG_WARN_DEPRECATED_OBJC_IMPLEMENTATIONS = YES;
				CLANG_WARN_DIRECT_OBJC_ISA_USAGE = YES_ERROR;
				CLANG_WARN_DOCUMENTATION_COMMENTS = YES;
				CLANG_WARN_EMPTY_BODY = YES;
				CLANG_WARN_ENUM_CONVERSION = YES;
				CLANG_WARN_INFINITE_RECURSION = YES;
				CLANG_WARN_INT_CONVERSION = YES;
				CLANG_WARN_NON_LITERAL_NULL_CONVERSION = YES;
				CLANG_WARN_OBJC_IMPLICIT_RETAIN_SELF = YES;
				CLANG_WARN_OBJC_LITERAL_CONVERSION = YES;
				CLANG_WARN_OBJC_ROOT_CLASS = YES_ERROR;
				CLANG_WARN_RANGE_LOOP_ANALYSIS = YES;
				CLANG_WARN_STRICT_PROTOTYPES = YES;
				CLANG_WARN_SUSPICIOUS_MOVE = YES;
				CLANG_WARN_UNGUARDED_AVAILABILITY = YES_AGGRESSIVE;
				CLANG_WARN_UNREACHABLE_CODE = YES;
				CLANG_WARN__DUPLICATE_METHOD_MATCH = YES;
				COPY_PHASE_STRIP = NO;
				DEBUG_INFORMATION_FORMAT = "dwarf-with-dsym";
				ENABLE_NS_ASSERTIONS = NO;
				ENABLE_STRICT_OBJC_MSGSEND = YES;
				GCC_C_LANGUAGE_STANDARD = gnu11;
				GCC_NO_COMMON_BLOCKS = YES;
				GCC_WARN_64_TO_32_BIT_CONVERSION = YES;
				GCC_WARN_ABOUT_RETURN_TYPE = YES_ERROR;
				GCC_WARN_UNDECLARED_SELECTOR = YES;
				GCC_WARN_UNINITIALIZED_AUTOS = YES_AGGRESSIVE;
				GCC_WARN_UNUSED_FUNCTION = YES;
				GCC_WARN_UNUSED_VARIABLE = YES;
				IPHONEOS_DEPLOYMENT_TARGET = 13.6;
				MTL_ENABLE_DEBUG_INFO = NO;
				MTL_FAST_MATH = YES;
				SDKROOT = iphoneos;
				SWIFT_COMPILATION_MODE = wholemodule;
				SWIFT_OPTIMIZATION_LEVEL = "-O";
				VALIDATE_PRODUCT = YES;
			};
			name = Release;
		};
		0844A56424E2152E00A5C949 /* Debug */ = {
			isa = XCBuildConfiguration;
			buildSettings = {
				ASSETCATALOG_COMPILER_APPICON_NAME = AppIcon;
				CODE_SIGN_STYLE = Automatic;
				DEVELOPMENT_TEAM = WLN29ZWFG6;
				INFOPLIST_FILE = SnapshotSample/Info.plist;
				LD_RUNPATH_SEARCH_PATHS = (
					"$(inherited)",
					"@executable_path/Frameworks",
				);
				PRODUCT_BUNDLE_IDENTIFIER = tech.watanave.SnapshotSample;
				PRODUCT_NAME = "$(TARGET_NAME)";
				SWIFT_VERSION = 5.0;
				TARGETED_DEVICE_FAMILY = "1,2";
			};
			name = Debug;
		};
		0844A56524E2152E00A5C949 /* Release */ = {
			isa = XCBuildConfiguration;
			buildSettings = {
				ASSETCATALOG_COMPILER_APPICON_NAME = AppIcon;
				CODE_SIGN_STYLE = Automatic;
				DEVELOPMENT_TEAM = WLN29ZWFG6;
				INFOPLIST_FILE = SnapshotSample/Info.plist;
				LD_RUNPATH_SEARCH_PATHS = (
					"$(inherited)",
					"@executable_path/Frameworks",
				);
				PRODUCT_BUNDLE_IDENTIFIER = tech.watanave.SnapshotSample;
				PRODUCT_NAME = "$(TARGET_NAME)";
				SWIFT_VERSION = 5.0;
				TARGETED_DEVICE_FAMILY = "1,2";
			};
			name = Release;
		};
		0844A56724E2152E00A5C949 /* Debug */ = {
			isa = XCBuildConfiguration;
			buildSettings = {
				ALWAYS_EMBED_SWIFT_STANDARD_LIBRARIES = YES;
				BUNDLE_LOADER = "$(TEST_HOST)";
				CODE_SIGN_STYLE = Automatic;
				DEVELOPMENT_TEAM = WLN29ZWFG6;
				INFOPLIST_FILE = SnapshotSampleTests/Info.plist;
				IPHONEOS_DEPLOYMENT_TARGET = 13.6;
				LD_RUNPATH_SEARCH_PATHS = (
					"$(inherited)",
					"@executable_path/Frameworks",
					"@loader_path/Frameworks",
				);
				PRODUCT_BUNDLE_IDENTIFIER = tech.watanave.SnapshotSampleTests;
				PRODUCT_NAME = "$(TARGET_NAME)";
				SWIFT_VERSION = 5.0;
				TARGETED_DEVICE_FAMILY = "1,2";
				TEST_HOST = "$(BUILT_PRODUCTS_DIR)/SnapshotSample.app/SnapshotSample";
			};
			name = Debug;
		};
		0844A56824E2152E00A5C949 /* Release */ = {
			isa = XCBuildConfiguration;
			buildSettings = {
				ALWAYS_EMBED_SWIFT_STANDARD_LIBRARIES = YES;
				BUNDLE_LOADER = "$(TEST_HOST)";
				CODE_SIGN_STYLE = Automatic;
				DEVELOPMENT_TEAM = WLN29ZWFG6;
				INFOPLIST_FILE = SnapshotSampleTests/Info.plist;
				IPHONEOS_DEPLOYMENT_TARGET = 13.6;
				LD_RUNPATH_SEARCH_PATHS = (
					"$(inherited)",
					"@executable_path/Frameworks",
					"@loader_path/Frameworks",
				);
				PRODUCT_BUNDLE_IDENTIFIER = tech.watanave.SnapshotSampleTests;
				PRODUCT_NAME = "$(TARGET_NAME)";
				SWIFT_VERSION = 5.0;
				TARGETED_DEVICE_FAMILY = "1,2";
				TEST_HOST = "$(BUILT_PRODUCTS_DIR)/SnapshotSample.app/SnapshotSample";
			};
			name = Release;
		};
/* End XCBuildConfiguration section */

/* Begin XCConfigurationList section */
		0844A53F24E2152C00A5C949 /* Build configuration list for PBXProject "SnapshotSample" */ = {
			isa = XCConfigurationList;
			buildConfigurations = (
				0844A56124E2152E00A5C949 /* Debug */,
				0844A56224E2152E00A5C949 /* Release */,
			);
			defaultConfigurationIsVisible = 0;
			defaultConfigurationName = Release;
		};
		0844A56324E2152E00A5C949 /* Build configuration list for PBXNativeTarget "SnapshotSample" */ = {
			isa = XCConfigurationList;
			buildConfigurations = (
				0844A56424E2152E00A5C949 /* Debug */,
				0844A56524E2152E00A5C949 /* Release */,
			);
			defaultConfigurationIsVisible = 0;
			defaultConfigurationName = Release;
		};
		0844A56624E2152E00A5C949 /* Build configuration list for PBXNativeTarget "SnapshotSampleTests" */ = {
			isa = XCConfigurationList;
			buildConfigurations = (
				0844A56724E2152E00A5C949 /* Debug */,
				0844A56824E2152E00A5C949 /* Release */,
			);
			defaultConfigurationIsVisible = 0;
			defaultConfigurationName = Release;
		};
/* End XCConfigurationList section */
	};
	rootObject = 0844A53C24E2152C00A5C949 /* Project object */;
}
